// !$*UTF8*$!
{
	archiveVersion = 1;
	classes = {
	};
	objectVersion = 46;
	objects = {

/* Begin PBXBuildFile section */
		D32A3BA11CAE445F000401C7 /* MainViewController.swift in Sources */ = {isa = PBXBuildFile; fileRef = D32A3BA01CAE445F000401C7 /* MainViewController.swift */; };
		D32A3BA41CAE4EDA000401C7 /* LocalizedString.m in Sources */ = {isa = PBXBuildFile; fileRef = D32A3BA31CAE4EDA000401C7 /* LocalizedString.m */; };
		D32A3BAA1CAE6B6B000401C7 /* Dialog.xib in Resources */ = {isa = PBXBuildFile; fileRef = D32A3BA81CAE6B6B000401C7 /* Dialog.xib */; };
		D32A3BAC1CAE6B76000401C7 /* DialogViewController.swift in Sources */ = {isa = PBXBuildFile; fileRef = D32A3BAB1CAE6B76000401C7 /* DialogViewController.swift */; };
		D32A3BAE1CAE6BAC000401C7 /* Dialog.swift in Sources */ = {isa = PBXBuildFile; fileRef = D32A3BAD1CAE6BAC000401C7 /* Dialog.swift */; };
		D32A3BB11CAE72DF000401C7 /* BindViewController.swift in Sources */ = {isa = PBXBuildFile; fileRef = D32A3BB01CAE72DF000401C7 /* BindViewController.swift */; };
		D32A3BB51CAE86EB000401C7 /* LoginViewController.swift in Sources */ = {isa = PBXBuildFile; fileRef = D32A3BB41CAE86EB000401C7 /* LoginViewController.swift */; };
		D390A5F21CAA399900F3442B /* main.m in Sources */ = {isa = PBXBuildFile; fileRef = D390A5F11CAA399900F3442B /* main.m */; };
		D390A5F51CAA399900F3442B /* AppDelegate.m in Sources */ = {isa = PBXBuildFile; fileRef = D390A5F41CAA399900F3442B /* AppDelegate.m */; };
		D390A5FB1CAA399900F3442B /* Main.storyboard in Resources */ = {isa = PBXBuildFile; fileRef = D390A5F91CAA399900F3442B /* Main.storyboard */; };
		D390A5FD1CAA399900F3442B /* Assets.xcassets in Resources */ = {isa = PBXBuildFile; fileRef = D390A5FC1CAA399900F3442B /* Assets.xcassets */; };
		D390A6001CAA399900F3442B /* LaunchScreen.storyboard in Resources */ = {isa = PBXBuildFile; fileRef = D390A5FE1CAA399900F3442B /* LaunchScreen.storyboard */; };
		D390A6281CAA6C2800F3442B /* HomeTableViewController.swift in Sources */ = {isa = PBXBuildFile; fileRef = D390A6271CAA6C2800F3442B /* HomeTableViewController.swift */; };
		D390A62A1CAA7A4B00F3442B /* MenuTableViewController.swift in Sources */ = {isa = PBXBuildFile; fileRef = D390A6291CAA7A4A00F3442B /* MenuTableViewController.swift */; };
		D390A6381CAA7E8A00F3442B /* Array+Extenstion.swift in Sources */ = {isa = PBXBuildFile; fileRef = D390A62C1CAA7E8A00F3442B /* Array+Extenstion.swift */; };
		D390A6391CAA7E8A00F3442B /* EasyOptionalUnwrapping.swift in Sources */ = {isa = PBXBuildFile; fileRef = D390A62D1CAA7E8A00F3442B /* EasyOptionalUnwrapping.swift */; };
		D390A63A1CAA7E8A00F3442B /* KeyInfo.m in Sources */ = {isa = PBXBuildFile; fileRef = D390A62F1CAA7E8A00F3442B /* KeyInfo.m */; };
		D390A63B1CAA7E8A00F3442B /* NSString+scisky.m in Sources */ = {isa = PBXBuildFile; fileRef = D390A6311CAA7E8A00F3442B /* NSString+scisky.m */; };
		D390A63C1CAA7E8A00F3442B /* SwiftyJSON.swift in Sources */ = {isa = PBXBuildFile; fileRef = D390A6321CAA7E8A00F3442B /* SwiftyJSON.swift */; };
		D390A63D1CAA7E8A00F3442B /* UIColor+greenbaby.m in Sources */ = {isa = PBXBuildFile; fileRef = D390A6341CAA7E8A00F3442B /* UIColor+greenbaby.m */; };
		D390A63E1CAA7E8A00F3442B /* UIImage+DrawView.swift in Sources */ = {isa = PBXBuildFile; fileRef = D390A6351CAA7E8A00F3442B /* UIImage+DrawView.swift */; };
		D390A63F1CAA7E8A00F3442B /* ViewController+menu.m in Sources */ = {isa = PBXBuildFile; fileRef = D390A6371CAA7E8A00F3442B /* ViewController+menu.m */; };
		D39B7EBB1CAF6EFD00C45682 /* RegistViewController.swift in Sources */ = {isa = PBXBuildFile; fileRef = D39B7EBA1CAF6EFD00C45682 /* RegistViewController.swift */; };
		EAA542FD223FFFA0D3D9AE18 /* Pods_Hero.framework in Frameworks */ = {isa = PBXBuildFile; fileRef = 7281646D854D57B8C3A983AE /* Pods_Hero.framework */; };
/* End PBXBuildFile section */

/* Begin PBXFileReference section */
		4BFCA807F70E3E4FD2097DA5 /* Pods-Hero.debug.xcconfig */ = {isa = PBXFileReference; includeInIndex = 1; lastKnownFileType = text.xcconfig; name = "Pods-Hero.debug.xcconfig"; path = "Pods/Target Support Files/Pods-Hero/Pods-Hero.debug.xcconfig"; sourceTree = "<group>"; };
		7281646D854D57B8C3A983AE /* Pods_Hero.framework */ = {isa = PBXFileReference; explicitFileType = wrapper.framework; includeInIndex = 0; path = Pods_Hero.framework; sourceTree = BUILT_PRODUCTS_DIR; };
		864EFA313FD5915028D0ED5D /* Pods-Hero.release.xcconfig */ = {isa = PBXFileReference; includeInIndex = 1; lastKnownFileType = text.xcconfig; name = "Pods-Hero.release.xcconfig"; path = "Pods/Target Support Files/Pods-Hero/Pods-Hero.release.xcconfig"; sourceTree = "<group>"; };
		D32A3BA01CAE445F000401C7 /* MainViewController.swift */ = {isa = PBXFileReference; fileEncoding = 4; lastKnownFileType = sourcecode.swift; path = MainViewController.swift; sourceTree = "<group>"; };
		D32A3BA21CAE4EDA000401C7 /* LocalizedString.h */ = {isa = PBXFileReference; fileEncoding = 4; lastKnownFileType = sourcecode.c.h; path = LocalizedString.h; sourceTree = "<group>"; };
		D32A3BA31CAE4EDA000401C7 /* LocalizedString.m */ = {isa = PBXFileReference; fileEncoding = 4; lastKnownFileType = sourcecode.c.objc; path = LocalizedString.m; sourceTree = "<group>"; };
		D32A3BA81CAE6B6B000401C7 /* Dialog.xib */ = {isa = PBXFileReference; fileEncoding = 4; lastKnownFileType = file.xib; path = Dialog.xib; sourceTree = "<group>"; };
		D32A3BAB1CAE6B76000401C7 /* DialogViewController.swift */ = {isa = PBXFileReference; fileEncoding = 4; lastKnownFileType = sourcecode.swift; path = DialogViewController.swift; sourceTree = "<group>"; };
		D32A3BAD1CAE6BAC000401C7 /* Dialog.swift */ = {isa = PBXFileReference; fileEncoding = 4; lastKnownFileType = sourcecode.swift; path = Dialog.swift; sourceTree = "<group>"; };
		D32A3BB01CAE72DF000401C7 /* BindViewController.swift */ = {isa = PBXFileReference; fileEncoding = 4; lastKnownFileType = sourcecode.swift; path = BindViewController.swift; sourceTree = "<group>"; };
		D32A3BB41CAE86EB000401C7 /* LoginViewController.swift */ = {isa = PBXFileReference; fileEncoding = 4; lastKnownFileType = sourcecode.swift; path = LoginViewController.swift; sourceTree = "<group>"; };
		D390A5ED1CAA399900F3442B /* Hero.app */ = {isa = PBXFileReference; explicitFileType = wrapper.application; includeInIndex = 0; path = Hero.app; sourceTree = BUILT_PRODUCTS_DIR; };
		D390A5F11CAA399900F3442B /* main.m */ = {isa = PBXFileReference; lastKnownFileType = sourcecode.c.objc; path = main.m; sourceTree = "<group>"; };
		D390A5F31CAA399900F3442B /* AppDelegate.h */ = {isa = PBXFileReference; lastKnownFileType = sourcecode.c.h; path = AppDelegate.h; sourceTree = "<group>"; };
		D390A5F41CAA399900F3442B /* AppDelegate.m */ = {isa = PBXFileReference; lastKnownFileType = sourcecode.c.objc; path = AppDelegate.m; sourceTree = "<group>"; };
		D390A5FA1CAA399900F3442B /* Base */ = {isa = PBXFileReference; lastKnownFileType = file.storyboard; name = Base; path = Base.lproj/Main.storyboard; sourceTree = "<group>"; };
		D390A5FC1CAA399900F3442B /* Assets.xcassets */ = {isa = PBXFileReference; lastKnownFileType = folder.assetcatalog; name = Assets.xcassets; path = Hero/Assets.xcassets; sourceTree = "<group>"; };
		D390A5FF1CAA399900F3442B /* Base */ = {isa = PBXFileReference; lastKnownFileType = file.storyboard; name = Base; path = Base.lproj/LaunchScreen.storyboard; sourceTree = "<group>"; };
		D390A6011CAA399900F3442B /* Info.plist */ = {isa = PBXFileReference; lastKnownFileType = text.plist.xml; path = Info.plist; sourceTree = "<group>"; };
		D390A6261CAA6C2700F3442B /* Hero-Bridging-Header.h */ = {isa = PBXFileReference; lastKnownFileType = sourcecode.c.h; name = "Hero-Bridging-Header.h"; path = "Hero/ViewController/Hero-Bridging-Header.h"; sourceTree = "<group>"; };
		D390A6271CAA6C2800F3442B /* HomeTableViewController.swift */ = {isa = PBXFileReference; fileEncoding = 4; lastKnownFileType = sourcecode.swift; path = HomeTableViewController.swift; sourceTree = "<group>"; };
		D390A6291CAA7A4A00F3442B /* MenuTableViewController.swift */ = {isa = PBXFileReference; fileEncoding = 4; lastKnownFileType = sourcecode.swift; path = MenuTableViewController.swift; sourceTree = "<group>"; };
		D390A62C1CAA7E8A00F3442B /* Array+Extenstion.swift */ = {isa = PBXFileReference; fileEncoding = 4; lastKnownFileType = sourcecode.swift; path = "Array+Extenstion.swift"; sourceTree = "<group>"; };
		D390A62D1CAA7E8A00F3442B /* EasyOptionalUnwrapping.swift */ = {isa = PBXFileReference; fileEncoding = 4; lastKnownFileType = sourcecode.swift; path = EasyOptionalUnwrapping.swift; sourceTree = "<group>"; };
		D390A62E1CAA7E8A00F3442B /* KeyInfo.h */ = {isa = PBXFileReference; fileEncoding = 4; lastKnownFileType = sourcecode.c.h; path = KeyInfo.h; sourceTree = "<group>"; };
		D390A62F1CAA7E8A00F3442B /* KeyInfo.m */ = {isa = PBXFileReference; fileEncoding = 4; lastKnownFileType = sourcecode.c.objc; path = KeyInfo.m; sourceTree = "<group>"; };
		D390A6301CAA7E8A00F3442B /* NSString+scisky.h */ = {isa = PBXFileReference; fileEncoding = 4; lastKnownFileType = sourcecode.c.h; path = "NSString+scisky.h"; sourceTree = "<group>"; };
		D390A6311CAA7E8A00F3442B /* NSString+scisky.m */ = {isa = PBXFileReference; fileEncoding = 4; lastKnownFileType = sourcecode.c.objc; path = "NSString+scisky.m"; sourceTree = "<group>"; };
		D390A6321CAA7E8A00F3442B /* SwiftyJSON.swift */ = {isa = PBXFileReference; fileEncoding = 4; lastKnownFileType = sourcecode.swift; path = SwiftyJSON.swift; sourceTree = "<group>"; };
		D390A6331CAA7E8A00F3442B /* UIColor+greenbaby.h */ = {isa = PBXFileReference; fileEncoding = 4; lastKnownFileType = sourcecode.c.h; path = "UIColor+greenbaby.h"; sourceTree = "<group>"; };
		D390A6341CAA7E8A00F3442B /* UIColor+greenbaby.m */ = {isa = PBXFileReference; fileEncoding = 4; lastKnownFileType = sourcecode.c.objc; path = "UIColor+greenbaby.m"; sourceTree = "<group>"; };
		D390A6351CAA7E8A00F3442B /* UIImage+DrawView.swift */ = {isa = PBXFileReference; fileEncoding = 4; lastKnownFileType = sourcecode.swift; path = "UIImage+DrawView.swift"; sourceTree = "<group>"; };
		D390A6361CAA7E8A00F3442B /* ViewController+menu.h */ = {isa = PBXFileReference; fileEncoding = 4; lastKnownFileType = sourcecode.c.h; path = "ViewController+menu.h"; sourceTree = "<group>"; };
		D390A6371CAA7E8A00F3442B /* ViewController+menu.m */ = {isa = PBXFileReference; fileEncoding = 4; lastKnownFileType = sourcecode.c.objc; path = "ViewController+menu.m"; sourceTree = "<group>"; };
		D39B7EBA1CAF6EFD00C45682 /* RegistViewController.swift */ = {isa = PBXFileReference; fileEncoding = 4; lastKnownFileType = sourcecode.swift; path = RegistViewController.swift; sourceTree = "<group>"; };
/* End PBXFileReference section */

/* Begin PBXFrameworksBuildPhase section */
		D390A5EA1CAA399900F3442B /* Frameworks */ = {
			isa = PBXFrameworksBuildPhase;
			buildActionMask = 2147483647;
			files = (
				EAA542FD223FFFA0D3D9AE18 /* Pods_Hero.framework in Frameworks */,
			);
			runOnlyForDeploymentPostprocessing = 0;
		};
/* End PBXFrameworksBuildPhase section */

/* Begin PBXGroup section */
		2667DF7FF7D8DB61960A565A /* Pods */ = {
			isa = PBXGroup;
			children = (
				4BFCA807F70E3E4FD2097DA5 /* Pods-Hero.debug.xcconfig */,
				864EFA313FD5915028D0ED5D /* Pods-Hero.release.xcconfig */,
			);
			name = Pods;
			sourceTree = "<group>";
		};
		82B794260897B7946979775E /* Frameworks */ = {
			isa = PBXGroup;
			children = (
				7281646D854D57B8C3A983AE /* Pods_Hero.framework */,
			);
			name = Frameworks;
			sourceTree = "<group>";
		};
		D32A3BA51CAE6B6B000401C7 /* View */ = {
			isa = PBXGroup;
			children = (
				D32A3BA81CAE6B6B000401C7 /* Dialog.xib */,
				D32A3BAD1CAE6BAC000401C7 /* Dialog.swift */,
			);
			path = View;
			sourceTree = "<group>";
		};
		D32A3BAF1CAE72CE000401C7 /* Bind */ = {
			isa = PBXGroup;
			children = (
				D32A3BB01CAE72DF000401C7 /* BindViewController.swift */,
				D32A3BB41CAE86EB000401C7 /* LoginViewController.swift */,
				D39B7EBA1CAF6EFD00C45682 /* RegistViewController.swift */,
			);
			path = Bind;
			sourceTree = "<group>";
		};
		D390A5E41CAA399900F3442B = {
			isa = PBXGroup;
			children = (
				D390A5F91CAA399900F3442B /* Main.storyboard */,
				D390A5FC1CAA399900F3442B /* Assets.xcassets */,
				D390A6261CAA6C2700F3442B /* Hero-Bridging-Header.h */,
				D390A5EF1CAA399900F3442B /* Hero */,
				D390A5EE1CAA399900F3442B /* Products */,
				2667DF7FF7D8DB61960A565A /* Pods */,
				82B794260897B7946979775E /* Frameworks */,
			);
			sourceTree = "<group>";
		};
		D390A5EE1CAA399900F3442B /* Products */ = {
			isa = PBXGroup;
			children = (
				D390A5ED1CAA399900F3442B /* Hero.app */,
			);
			name = Products;
			sourceTree = "<group>";
		};
		D390A5EF1CAA399900F3442B /* Hero */ = {
			isa = PBXGroup;
			children = (
				D32A3BA51CAE6B6B000401C7 /* View */,
				D390A62B1CAA7E8A00F3442B /* Utils */,
				D390A6221CAA6BF900F3442B /* ViewController */,
				D390A5F01CAA399900F3442B /* Supporting Files */,
			);
			path = Hero;
			sourceTree = "<group>";
		};
		D390A5F01CAA399900F3442B /* Supporting Files */ = {
			isa = PBXGroup;
			children = (
				D390A5FE1CAA399900F3442B /* LaunchScreen.storyboard */,
				D390A5F31CAA399900F3442B /* AppDelegate.h */,
				D390A5F41CAA399900F3442B /* AppDelegate.m */,
				D390A6011CAA399900F3442B /* Info.plist */,
				D390A5F11CAA399900F3442B /* main.m */,
			);
			name = "Supporting Files";
			sourceTree = "<group>";
		};
		D390A6221CAA6BF900F3442B /* ViewController */ = {
			isa = PBXGroup;
			children = (
				D32A3BAF1CAE72CE000401C7 /* Bind */,
				D32A3BAB1CAE6B76000401C7 /* DialogViewController.swift */,
				D390A6271CAA6C2800F3442B /* HomeTableViewController.swift */,
				D390A6291CAA7A4A00F3442B /* MenuTableViewController.swift */,
				D32A3BA01CAE445F000401C7 /* MainViewController.swift */,
			);
			path = ViewController;
			sourceTree = "<group>";
		};
		D390A62B1CAA7E8A00F3442B /* Utils */ = {
			isa = PBXGroup;
			children = (
				D32A3BA21CAE4EDA000401C7 /* LocalizedString.h */,
				D32A3BA31CAE4EDA000401C7 /* LocalizedString.m */,
				D390A62C1CAA7E8A00F3442B /* Array+Extenstion.swift */,
				D390A62D1CAA7E8A00F3442B /* EasyOptionalUnwrapping.swift */,
				D390A62E1CAA7E8A00F3442B /* KeyInfo.h */,
				D390A62F1CAA7E8A00F3442B /* KeyInfo.m */,
				D390A6301CAA7E8A00F3442B /* NSString+scisky.h */,
				D390A6311CAA7E8A00F3442B /* NSString+scisky.m */,
				D390A6321CAA7E8A00F3442B /* SwiftyJSON.swift */,
				D390A6331CAA7E8A00F3442B /* UIColor+greenbaby.h */,
				D390A6341CAA7E8A00F3442B /* UIColor+greenbaby.m */,
				D390A6351CAA7E8A00F3442B /* UIImage+DrawView.swift */,
				D390A6361CAA7E8A00F3442B /* ViewController+menu.h */,
				D390A6371CAA7E8A00F3442B /* ViewController+menu.m */,
			);
			path = Utils;
			sourceTree = "<group>";
		};
/* End PBXGroup section */

/* Begin PBXNativeTarget section */
		D390A5EC1CAA399900F3442B /* Hero */ = {
			isa = PBXNativeTarget;
			buildConfigurationList = D390A6041CAA399900F3442B /* Build configuration list for PBXNativeTarget "Hero" */;
			buildPhases = (
				DF37DEC894B195ED1AFCC355 /* Check Pods Manifest.lock */,
				D390A5E91CAA399900F3442B /* Sources */,
				D390A5EA1CAA399900F3442B /* Frameworks */,
				D390A5EB1CAA399900F3442B /* Resources */,
				0C21B27942F8BD40E09665C0 /* Embed Pods Frameworks */,
				BFFFEB6ED420E161199FF43B /* Copy Pods Resources */,
			);
			buildRules = (
			);
			dependencies = (
			);
			name = Hero;
			productName = Hero;
			productReference = D390A5ED1CAA399900F3442B /* Hero.app */;
			productType = "com.apple.product-type.application";
		};
/* End PBXNativeTarget section */

/* Begin PBXProject section */
		D390A5E51CAA399900F3442B /* Project object */ = {
			isa = PBXProject;
			attributes = {
				LastUpgradeCheck = 0730;
				ORGANIZATIONNAME = "刘向宏";
				TargetAttributes = {
					D390A5EC1CAA399900F3442B = {
						CreatedOnToolsVersion = 7.3;
					};
				};
			};
			buildConfigurationList = D390A5E81CAA399900F3442B /* Build configuration list for PBXProject "Hero" */;
			compatibilityVersion = "Xcode 3.2";
			developmentRegion = English;
			hasScannedForEncodings = 0;
			knownRegions = (
				en,
				Base,
			);
			mainGroup = D390A5E41CAA399900F3442B;
			productRefGroup = D390A5EE1CAA399900F3442B /* Products */;
			projectDirPath = "";
			projectRoot = "";
			targets = (
				D390A5EC1CAA399900F3442B /* Hero */,
			);
		};
/* End PBXProject section */

/* Begin PBXResourcesBuildPhase section */
		D390A5EB1CAA399900F3442B /* Resources */ = {
			isa = PBXResourcesBuildPhase;
			buildActionMask = 2147483647;
			files = (
				D390A6001CAA399900F3442B /* LaunchScreen.storyboard in Resources */,
				D390A5FD1CAA399900F3442B /* Assets.xcassets in Resources */,
				D390A5FB1CAA399900F3442B /* Main.storyboard in Resources */,
				D32A3BAA1CAE6B6B000401C7 /* Dialog.xib in Resources */,
			);
			runOnlyForDeploymentPostprocessing = 0;
		};
/* End PBXResourcesBuildPhase section */

/* Begin PBXShellScriptBuildPhase section */
		0C21B27942F8BD40E09665C0 /* Embed Pods Frameworks */ = {
			isa = PBXShellScriptBuildPhase;
			buildActionMask = 2147483647;
			files = (
			);
			inputPaths = (
			);
			name = "Embed Pods Frameworks";
			outputPaths = (
			);
			runOnlyForDeploymentPostprocessing = 0;
			shellPath = /bin/sh;
			shellScript = "\"${SRCROOT}/Pods/Target Support Files/Pods-Hero/Pods-Hero-frameworks.sh\"\n";
			showEnvVarsInLog = 0;
		};
		BFFFEB6ED420E161199FF43B /* Copy Pods Resources */ = {
			isa = PBXShellScriptBuildPhase;
			buildActionMask = 2147483647;
			files = (
			);
			inputPaths = (
			);
			name = "Copy Pods Resources";
			outputPaths = (
			);
			runOnlyForDeploymentPostprocessing = 0;
			shellPath = /bin/sh;
			shellScript = "\"${SRCROOT}/Pods/Target Support Files/Pods-Hero/Pods-Hero-resources.sh\"\n";
			showEnvVarsInLog = 0;
		};
		DF37DEC894B195ED1AFCC355 /* Check Pods Manifest.lock */ = {
			isa = PBXShellScriptBuildPhase;
			buildActionMask = 2147483647;
			files = (
			);
			inputPaths = (
			);
			name = "Check Pods Manifest.lock";
			outputPaths = (
			);
			runOnlyForDeploymentPostprocessing = 0;
			shellPath = /bin/sh;
			shellScript = "diff \"${PODS_ROOT}/../Podfile.lock\" \"${PODS_ROOT}/Manifest.lock\" > /dev/null\nif [[ $? != 0 ]] ; then\n    cat << EOM\nerror: The sandbox is not in sync with the Podfile.lock. Run 'pod install' or update your CocoaPods installation.\nEOM\n    exit 1\nfi\n";
			showEnvVarsInLog = 0;
		};
/* End PBXShellScriptBuildPhase section */

/* Begin PBXSourcesBuildPhase section */
		D390A5E91CAA399900F3442B /* Sources */ = {
			isa = PBXSourcesBuildPhase;
			buildActionMask = 2147483647;
			files = (
				D32A3BB11CAE72DF000401C7 /* BindViewController.swift in Sources */,
				D390A62A1CAA7A4B00F3442B /* MenuTableViewController.swift in Sources */,
				D32A3BA11CAE445F000401C7 /* MainViewController.swift in Sources */,
				D390A6281CAA6C2800F3442B /* HomeTableViewController.swift in Sources */,
				D32A3BB51CAE86EB000401C7 /* LoginViewController.swift in Sources */,
				D32A3BAE1CAE6BAC000401C7 /* Dialog.swift in Sources */,
				D32A3BAC1CAE6B76000401C7 /* DialogViewController.swift in Sources */,
				D390A63E1CAA7E8A00F3442B /* UIImage+DrawView.swift in Sources */,
				D390A63F1CAA7E8A00F3442B /* ViewController+menu.m in Sources */,
				D390A6391CAA7E8A00F3442B /* EasyOptionalUnwrapping.swift in Sources */,
				D390A5F51CAA399900F3442B /* AppDelegate.m in Sources */,
				D390A6381CAA7E8A00F3442B /* Array+Extenstion.swift in Sources */,
				D390A63B1CAA7E8A00F3442B /* NSString+scisky.m in Sources */,
				D390A63C1CAA7E8A00F3442B /* SwiftyJSON.swift in Sources */,
				D39B7EBB1CAF6EFD00C45682 /* RegistViewController.swift in Sources */,
				D390A63A1CAA7E8A00F3442B /* KeyInfo.m in Sources */,
				D390A5F21CAA399900F3442B /* main.m in Sources */,
				D32A3BA41CAE4EDA000401C7 /* LocalizedString.m in Sources */,
				D390A63D1CAA7E8A00F3442B /* UIColor+greenbaby.m in Sources */,
			);
			runOnlyForDeploymentPostprocessing = 0;
		};
/* End PBXSourcesBuildPhase section */

/* Begin PBXVariantGroup section */
		D390A5F91CAA399900F3442B /* Main.storyboard */ = {
			isa = PBXVariantGroup;
			children = (
				D390A5FA1CAA399900F3442B /* Base */,
			);
			name = Main.storyboard;
			path = Hero;
			sourceTree = "<group>";
		};
		D390A5FE1CAA399900F3442B /* LaunchScreen.storyboard */ = {
			isa = PBXVariantGroup;
			children = (
				D390A5FF1CAA399900F3442B /* Base */,
			);
			name = LaunchScreen.storyboard;
			sourceTree = "<group>";
		};
/* End PBXVariantGroup section */

/* Begin XCBuildConfiguration section */
		D390A6021CAA399900F3442B /* Debug */ = {
			isa = XCBuildConfiguration;
			buildSettings = {
				ALWAYS_SEARCH_USER_PATHS = NO;
				CLANG_ANALYZER_NONNULL = YES;
				CLANG_CXX_LANGUAGE_STANDARD = "gnu++0x";
				CLANG_CXX_LIBRARY = "libc++";
				CLANG_ENABLE_MODULES = YES;
				CLANG_ENABLE_OBJC_ARC = YES;
				CLANG_WARN_BOOL_CONVERSION = YES;
				CLANG_WARN_CONSTANT_CONVERSION = YES;
				CLANG_WARN_DIRECT_OBJC_ISA_USAGE = YES_ERROR;
				CLANG_WARN_EMPTY_BODY = YES;
				CLANG_WARN_ENUM_CONVERSION = YES;
				CLANG_WARN_INT_CONVERSION = YES;
				CLANG_WARN_OBJC_ROOT_CLASS = YES_ERROR;
				CLANG_WARN_UNREACHABLE_CODE = YES;
				CLANG_WARN__DUPLICATE_METHOD_MATCH = YES;
				"CODE_SIGN_IDENTITY[sdk=iphoneos*]" = "iPhone Developer";
				COPY_PHASE_STRIP = NO;
				DEBUG_INFORMATION_FORMAT = dwarf;
				ENABLE_STRICT_OBJC_MSGSEND = YES;
				ENABLE_TESTABILITY = YES;
				GCC_C_LANGUAGE_STANDARD = gnu99;
				GCC_DYNAMIC_NO_PIC = NO;
				GCC_NO_COMMON_BLOCKS = YES;
				GCC_OPTIMIZATION_LEVEL = 0;
				GCC_PREPROCESSOR_DEFINITIONS = (
					"DEBUG=1",
					"$(inherited)",
				);
				GCC_WARN_64_TO_32_BIT_CONVERSION = YES;
				GCC_WARN_ABOUT_RETURN_TYPE = YES_ERROR;
				GCC_WARN_UNDECLARED_SELECTOR = YES;
				GCC_WARN_UNINITIALIZED_AUTOS = YES_AGGRESSIVE;
				GCC_WARN_UNUSED_FUNCTION = YES;
				GCC_WARN_UNUSED_VARIABLE = YES;
				IPHONEOS_DEPLOYMENT_TARGET = 9.3;
				MTL_ENABLE_DEBUG_INFO = YES;
				ONLY_ACTIVE_ARCH = YES;
				SDKROOT = iphoneos;
				TARGETED_DEVICE_FAMILY = "1,2";
			};
			name = Debug;
		};
		D390A6031CAA399900F3442B /* Release */ = {
			isa = XCBuildConfiguration;
			buildSettings = {
				ALWAYS_SEARCH_USER_PATHS = NO;
				CLANG_ANALYZER_NONNULL = YES;
				CLANG_CXX_LANGUAGE_STANDARD = "gnu++0x";
				CLANG_CXX_LIBRARY = "libc++";
				CLANG_ENABLE_MODULES = YES;
				CLANG_ENABLE_OBJC_ARC = YES;
				CLANG_WARN_BOOL_CONVERSION = YES;
				CLANG_WARN_CONSTANT_CONVERSION = YES;
				CLANG_WARN_DIRECT_OBJC_ISA_USAGE = YES_ERROR;
				CLANG_WARN_EMPTY_BODY = YES;
				CLANG_WARN_ENUM_CONVERSION = YES;
				CLANG_WARN_INT_CONVERSION = YES;
				CLANG_WARN_OBJC_ROOT_CLASS = YES_ERROR;
				CLANG_WARN_UNREACHABLE_CODE = YES;
				CLANG_WARN__DUPLICATE_METHOD_MATCH = YES;
				"CODE_SIGN_IDENTITY[sdk=iphoneos*]" = "iPhone Developer";
				COPY_PHASE_STRIP = NO;
				DEBUG_INFORMATION_FORMAT = "dwarf-with-dsym";
				ENABLE_NS_ASSERTIONS = NO;
				ENABLE_STRICT_OBJC_MSGSEND = YES;
				GCC_C_LANGUAGE_STANDARD = gnu99;
				GCC_NO_COMMON_BLOCKS = YES;
				GCC_WARN_64_TO_32_BIT_CONVERSION = YES;
				GCC_WARN_ABOUT_RETURN_TYPE = YES_ERROR;
				GCC_WARN_UNDECLARED_SELECTOR = YES;
				GCC_WARN_UNINITIALIZED_AUTOS = YES_AGGRESSIVE;
				GCC_WARN_UNUSED_FUNCTION = YES;
				GCC_WARN_UNUSED_VARIABLE = YES;
				IPHONEOS_DEPLOYMENT_TARGET = 9.3;
				MTL_ENABLE_DEBUG_INFO = NO;
				SDKROOT = iphoneos;
				TARGETED_DEVICE_FAMILY = "1,2";
				VALIDATE_PRODUCT = YES;
			};
			name = Release;
		};
		D390A6051CAA399900F3442B /* Debug */ = {
			isa = XCBuildConfiguration;
			baseConfigurationReference = 4BFCA807F70E3E4FD2097DA5 /* Pods-Hero.debug.xcconfig */;
			buildSettings = {
				ASSETCATALOG_COMPILER_APPICON_NAME = AppIcon;
				CLANG_ENABLE_MODULES = YES;
				INFOPLIST_FILE = Hero/Info.plist;
				IPHONEOS_DEPLOYMENT_TARGET = 8.0;
				LD_RUNPATH_SEARCH_PATHS = "$(inherited) @executable_path/Frameworks";
				PRODUCT_BUNDLE_IDENTIFIER = com.bugong.Hero;
				PRODUCT_NAME = "$(TARGET_NAME)";
				SWIFT_OBJC_BRIDGING_HEADER = "Hero/ViewController/Hero-Bridging-Header.h";
				SWIFT_OPTIMIZATION_LEVEL = "-Onone";
				TARGETED_DEVICE_FAMILY = "1,2";
			};
			name = Debug;
		};
		D390A6061CAA399900F3442B /* Release */ = {
			isa = XCBuildConfiguration;
			baseConfigurationReference = 864EFA313FD5915028D0ED5D /* Pods-Hero.release.xcconfig */;
			buildSettings = {
				ASSETCATALOG_COMPILER_APPICON_NAME = AppIcon;
				CLANG_ENABLE_MODULES = YES;
				INFOPLIST_FILE = Hero/Info.plist;
				IPHONEOS_DEPLOYMENT_TARGET = 8.0;
				LD_RUNPATH_SEARCH_PATHS = "$(inherited) @executable_path/Frameworks";
				PRODUCT_BUNDLE_IDENTIFIER = com.bugong.Hero;
				PRODUCT_NAME = "$(TARGET_NAME)";
				SWIFT_OBJC_BRIDGING_HEADER = "Hero/ViewController/Hero-Bridging-Header.h";
				TARGETED_DEVICE_FAMILY = "1,2";
			};
			name = Release;
		};
/* End XCBuildConfiguration section */

/* Begin XCConfigurationList section */
		D390A5E81CAA399900F3442B /* Build configuration list for PBXProject "Hero" */ = {
			isa = XCConfigurationList;
			buildConfigurations = (
				D390A6021CAA399900F3442B /* Debug */,
				D390A6031CAA399900F3442B /* Release */,
			);
			defaultConfigurationIsVisible = 0;
			defaultConfigurationName = Release;
		};
		D390A6041CAA399900F3442B /* Build configuration list for PBXNativeTarget "Hero" */ = {
			isa = XCConfigurationList;
			buildConfigurations = (
				D390A6051CAA399900F3442B /* Debug */,
				D390A6061CAA399900F3442B /* Release */,
			);
			defaultConfigurationIsVisible = 0;
			defaultConfigurationName = Release;
		};
/* End XCConfigurationList section */
	};
	rootObject = D390A5E51CAA399900F3442B /* Project object */;
}
